{
  "nodes": {
    "Fmt": {
      "inputs": {
        "flake-utils": "flake-utils",
        "nixpkgs": [
          "nixpkgs"
        ]
      },
      "locked": {
        "lastModified": 1,
        "narHash": "sha256-8lIyAZd5WpfmwLW/peBk3eRX3SGUmIeczv+y73pTFwY=",
        "path": "./pkgs/Fmt",
        "type": "path"
      },
      "original": {
        "path": "./pkgs/Fmt",
        "type": "path"
      }
    },
    "agenix": {
      "inputs": {
        "agenix": "agenix_2",
        "crane": "crane",
        "flake-utils": "flake-utils_2",
        "nixpkgs": [
          "nixpkgs"
        ],
        "rust-overlay": "rust-overlay"
      },
      "locked": {
        "lastModified": 1709831932,
        "narHash": "sha256-WsP8rOFa/SqYNbVtYJ/l2mWWOgyDTJFbITMV8tv0biI=",
        "owner": "yaxitech",
        "repo": "ragenix",
        "rev": "06de099ef02840ec463419f12de73729d458e1eb",
        "type": "github"
      },
      "original": {
        "owner": "yaxitech",
        "repo": "ragenix",
        "type": "github"
      }
    },
    "agenix_2": {
      "inputs": {
        "darwin": "darwin",
        "home-manager": "home-manager",
        "nixpkgs": [
          "agenix",
          "nixpkgs"
        ],
        "systems": "systems_2"
      },
      "locked": {
        "lastModified": 1707830867,
        "narHash": "sha256-PAdwm5QqdlwIqGrfzzvzZubM+FXtilekQ/FA0cI49/o=",
        "owner": "ryantm",
        "repo": "agenix",
        "rev": "8cb01a0e717311680e0cbca06a76cbceba6f3ed6",
        "type": "github"
      },
      "original": {
        "owner": "ryantm",
        "repo": "agenix",
        "type": "github"
      }
    },
    "bob": {
      "inputs": {
        "bob": "bob_2",
        "flake-utils": "flake-utils_3",
        "nixpkgs": [
          "nixpkgs"
        ]
      },
      "locked": {
        "lastModified": 1,
        "narHash": "sha256-ZP0fc3tXhwYERVm9wzDwKYrqku8fRnmo0ONuBh0PSgE=",
        "path": "./pkgs/bob-nvim",
        "type": "path"
      },
      "original": {
        "path": "./pkgs/bob-nvim",
        "type": "path"
      }
    },
    "bob_2": {
      "flake": false,
      "locked": {
        "lastModified": 1706612487,
        "narHash": "sha256-OTmsb1tnautQTdO/oeqbwd5MmyHbG946/kPCGSluIrM=",
        "owner": "MordechaiHadad",
        "repo": "bob",
        "rev": "e521723d2c084f4b610c27d79f870f83e964fe95",
        "type": "github"
      },
      "original": {
        "owner": "MordechaiHadad",
        "repo": "bob",
        "type": "github"
      }
    },
    "crane": {
      "inputs": {
        "nixpkgs": [
          "agenix",
          "nixpkgs"
        ]
      },
      "locked": {
        "lastModified": 1708794349,
        "narHash": "sha256-jX+B1VGHT0ruHHL5RwS8L21R6miBn4B6s9iVyUJsJJY=",
        "owner": "ipetkov",
        "repo": "crane",
        "rev": "2c94ff9a6fbeb9f3ea0107f28688edbe9c81deaa",
        "type": "github"
      },
      "original": {
        "owner": "ipetkov",
        "repo": "crane",
        "type": "github"
      }
    },
    "darwin": {
      "inputs": {
        "nixpkgs": [
          "agenix",
          "agenix",
          "nixpkgs"
        ]
      },
      "locked": {
        "lastModified": 1700795494,
        "narHash": "sha256-gzGLZSiOhf155FW7262kdHo2YDeugp3VuIFb4/GGng0=",
        "owner": "lnl7",
        "repo": "nix-darwin",
        "rev": "4b9b83d5a92e8c1fbfd8eb27eda375908c11ec4d",
        "type": "github"
      },
      "original": {
        "owner": "lnl7",
        "ref": "master",
        "repo": "nix-darwin",
        "type": "github"
      }
    },
    "emacs-overlay": {
      "inputs": {
        "flake-utils": "flake-utils_4",
        "nixpkgs": "nixpkgs",
        "nixpkgs-stable": "nixpkgs-stable"
      },
      "locked": {
        "lastModified": 1710608587,
        "narHash": "sha256-7to4df2dUDd2LhPSp/XeH9rpONb2MtYDn1uFeVMolVc=",
        "owner": "nix-community",
        "repo": "emacs-overlay",
        "rev": "895a56e7294c2e5be4f84aa8e1cbc9e53e91307e",
        "type": "github"
      },
      "original": {
        "owner": "nix-community",
        "repo": "emacs-overlay",
        "type": "github"
      }
    },
    "flake-compat": {
      "flake": false,
      "locked": {
        "lastModified": 1696426674,
        "narHash": "sha256-kvjfFW7WAETZlt09AgDn1MrtKzP7t90Vf7vypd3OL1U=",
        "owner": "edolstra",
        "repo": "flake-compat",
        "rev": "0f9255e01c2351cc7d116c072cb317785dd33b33",
        "type": "github"
      },
      "original": {
        "owner": "edolstra",
        "repo": "flake-compat",
        "type": "github"
      }
    },
    "flake-compat_2": {
      "flake": false,
      "locked": {
        "lastModified": 1696426674,
        "narHash": "sha256-kvjfFW7WAETZlt09AgDn1MrtKzP7t90Vf7vypd3OL1U=",
        "owner": "edolstra",
        "repo": "flake-compat",
        "rev": "0f9255e01c2351cc7d116c072cb317785dd33b33",
        "type": "github"
      },
      "original": {
        "owner": "edolstra",
        "repo": "flake-compat",
        "type": "github"
      }
    },
    "flake-parts": {
      "inputs": {
        "nixpkgs-lib": [
          "neovim-nightly-overlay",
          "nixpkgs"
        ]
      },
      "locked": {
        "lastModified": 1709336216,
        "narHash": "sha256-Dt/wOWeW6Sqm11Yh+2+t0dfEWxoMxGBvv3JpIocFl9E=",
        "owner": "hercules-ci",
        "repo": "flake-parts",
        "rev": "f7b3c975cf067e56e7cda6cb098ebe3fb4d74ca2",
        "type": "github"
      },
      "original": {
        "owner": "hercules-ci",
        "repo": "flake-parts",
        "type": "github"
      }
    },
    "flake-parts_2": {
      "inputs": {
        "nixpkgs-lib": [
          "neovim-nightly-overlay",
          "hercules-ci-effects",
          "nixpkgs"
        ]
      },
      "locked": {
        "lastModified": 1709336216,
        "narHash": "sha256-Dt/wOWeW6Sqm11Yh+2+t0dfEWxoMxGBvv3JpIocFl9E=",
        "owner": "hercules-ci",
        "repo": "flake-parts",
        "rev": "f7b3c975cf067e56e7cda6cb098ebe3fb4d74ca2",
        "type": "github"
      },
      "original": {
        "id": "flake-parts",
        "type": "indirect"
      }
    },
    "flake-utils": {
      "inputs": {
        "systems": "systems"
      },
      "locked": {
        "lastModified": 1710146030,
        "narHash": "sha256-SZ5L6eA7HJ/nmkzGG7/ISclqe6oZdOZTNoesiInkXPQ=",
        "owner": "numtide",
        "repo": "flake-utils",
        "rev": "b1d9ab70662946ef0850d488da1c9019f3a9752a",
        "type": "github"
      },
      "original": {
        "owner": "numtide",
        "repo": "flake-utils",
        "type": "github"
      }
    },
    "flake-utils_2": {
      "inputs": {
        "systems": "systems_3"
      },
      "locked": {
        "lastModified": 1705309234,
        "narHash": "sha256-uNRRNRKmJyCRC/8y1RqBkqWBLM034y4qN7EprSdmgyA=",
        "owner": "numtide",
        "repo": "flake-utils",
        "rev": "1ef2e671c3b0c19053962c07dbda38332dcebf26",
        "type": "github"
      },
      "original": {
        "owner": "numtide",
        "repo": "flake-utils",
        "type": "github"
      }
    },
    "flake-utils_3": {
      "inputs": {
        "systems": "systems_4"
      },
      "locked": {
        "lastModified": 1705309234,
        "narHash": "sha256-uNRRNRKmJyCRC/8y1RqBkqWBLM034y4qN7EprSdmgyA=",
        "owner": "numtide",
        "repo": "flake-utils",
        "rev": "1ef2e671c3b0c19053962c07dbda38332dcebf26",
        "type": "github"
      },
      "original": {
        "owner": "numtide",
        "repo": "flake-utils",
        "type": "github"
      }
    },
    "flake-utils_4": {
      "inputs": {
        "systems": "systems_5"
      },
      "locked": {
        "lastModified": 1710146030,
        "narHash": "sha256-SZ5L6eA7HJ/nmkzGG7/ISclqe6oZdOZTNoesiInkXPQ=",
        "owner": "numtide",
        "repo": "flake-utils",
        "rev": "b1d9ab70662946ef0850d488da1c9019f3a9752a",
        "type": "github"
      },
      "original": {
        "owner": "numtide",
        "repo": "flake-utils",
        "type": "github"
      }
    },
    "flake-utils_5": {
      "inputs": {
        "systems": "systems_6"
      },
      "locked": {
        "lastModified": 1710146030,
        "narHash": "sha256-SZ5L6eA7HJ/nmkzGG7/ISclqe6oZdOZTNoesiInkXPQ=",
        "owner": "numtide",
        "repo": "flake-utils",
        "rev": "b1d9ab70662946ef0850d488da1c9019f3a9752a",
        "type": "github"
      },
      "original": {
        "owner": "numtide",
        "repo": "flake-utils",
        "type": "github"
      }
    },
    "flake-utils_6": {
      "inputs": {
        "systems": "systems_7"
      },
      "locked": {
        "lastModified": 1705309234,
        "narHash": "sha256-uNRRNRKmJyCRC/8y1RqBkqWBLM034y4qN7EprSdmgyA=",
        "owner": "numtide",
        "repo": "flake-utils",
        "rev": "1ef2e671c3b0c19053962c07dbda38332dcebf26",
        "type": "github"
      },
      "original": {
        "owner": "numtide",
        "repo": "flake-utils",
        "type": "github"
      }
    },
    "flake-utils_7": {
      "inputs": {
        "systems": "systems_8"
      },
      "locked": {
        "lastModified": 1701680307,
        "narHash": "sha256-kAuep2h5ajznlPMD9rnQyffWG8EM/C73lejGofXvdM8=",
        "owner": "numtide",
        "repo": "flake-utils",
        "rev": "4022d587cbbfd70fe950c1e2083a02621806a725",
        "type": "github"
      },
      "original": {
        "owner": "numtide",
        "repo": "flake-utils",
        "type": "github"
      }
    },
    "flake-utils_8": {
      "locked": {
        "lastModified": 1659877975,
        "narHash": "sha256-zllb8aq3YO3h8B/U0/J1WBgAL8EX5yWf5pMj3G0NAmc=",
        "owner": "numtide",
        "repo": "flake-utils",
        "rev": "c0e246b9b83f637f4681389ecabcb2681b4f3af0",
        "type": "github"
      },
      "original": {
        "owner": "numtide",
        "repo": "flake-utils",
        "type": "github"
      }
    },
    "flake-utils_9": {
      "inputs": {
        "systems": "systems_9"
      },
      "locked": {
        "lastModified": 1705309234,
        "narHash": "sha256-uNRRNRKmJyCRC/8y1RqBkqWBLM034y4qN7EprSdmgyA=",
        "owner": "numtide",
        "repo": "flake-utils",
        "rev": "1ef2e671c3b0c19053962c07dbda38332dcebf26",
        "type": "github"
      },
      "original": {
        "owner": "numtide",
        "repo": "flake-utils",
        "type": "github"
      }
    },
    "freetype2": {
      "flake": false,
      "locked": {
        "lastModified": 1675923892,
        "narHash": "sha256-dOm8VKYdclTLLkqWMLv7DQI0Qyjit7S4SOCszKEkG3o=",
        "owner": "wez",
        "repo": "freetype2",
        "rev": "de8b92dd7ec634e9e2b25ef534c54a3537555c11",
        "type": "github"
      },
      "original": {
        "owner": "wez",
        "repo": "freetype2",
        "rev": "de8b92dd7ec634e9e2b25ef534c54a3537555c11",
        "type": "github"
      }
    },
    "harfbuzz": {
      "flake": false,
      "locked": {
        "lastModified": 1677798343,
        "narHash": "sha256-Lsd0Vrkrv67CMyV0ZveShfjUvqh/jDhI8rAK9ps+SZQ=",
        "owner": "harfbuzz",
        "repo": "harfbuzz",
        "rev": "60841e26187576bff477c1a09ee2ffe544844abc",
        "type": "github"
      },
      "original": {
        "owner": "harfbuzz",
        "repo": "harfbuzz",
        "rev": "60841e26187576bff477c1a09ee2ffe544844abc",
        "type": "github"
      }
    },
    "hercules-ci-effects": {
      "inputs": {
        "flake-parts": "flake-parts_2",
        "nixpkgs": [
          "neovim-nightly-overlay",
          "nixpkgs"
        ]
      },
      "locked": {
        "lastModified": 1710478346,
        "narHash": "sha256-Xjf8BdnQG0tLhPMlqQdwCIjOp7Teox0DP3N/jjyiGM4=",
        "owner": "hercules-ci",
        "repo": "hercules-ci-effects",
        "rev": "64e7763d72c1e4c1e5e6472640615b6ae2d40fbf",
        "type": "github"
      },
      "original": {
        "owner": "hercules-ci",
        "repo": "hercules-ci-effects",
        "type": "github"
      }
    },
    "home-manager": {
      "inputs": {
        "nixpkgs": [
          "agenix",
          "agenix",
          "nixpkgs"
        ]
      },
      "locked": {
        "lastModified": 1703113217,
        "narHash": "sha256-7ulcXOk63TIT2lVDSExj7XzFx09LpdSAPtvgtM7yQPE=",
        "owner": "nix-community",
        "repo": "home-manager",
        "rev": "3bfaacf46133c037bb356193bd2f1765d9dc82c1",
        "type": "github"
      },
      "original": {
        "owner": "nix-community",
        "repo": "home-manager",
        "type": "github"
      }
    },
    "home-manager_2": {
      "inputs": {
        "nixpkgs": [
          "nixpkgs"
        ]
      },
      "locked": {
        "lastModified": 1710532761,
        "narHash": "sha256-SUXGZNrXX05YA9G6EmgupxhOr3swI1gcxLUeDMUhrEY=",
        "owner": "nix-community",
        "repo": "home-manager",
        "rev": "206f457fffdb9a73596a4cb2211a471bd305243d",
        "type": "github"
      },
      "original": {
        "owner": "nix-community",
        "repo": "home-manager",
        "type": "github"
      }
    },
    "kanagawa-gtk": {
      "inputs": {
        "flake-utils": "flake-utils_6",
        "kanagawa-gtk": "kanagawa-gtk_2",
        "nixpkgs": [
          "nixpkgs"
        ]
      },
      "locked": {
        "lastModified": 1,
        "narHash": "sha256-9h5qPpnmZXOBMYGasROgaUl0zUhGVRXF1LJOzcs5RqY=",
        "path": "./pkgs/kanagawa-gtk",
        "type": "path"
      },
      "original": {
        "path": "./pkgs/kanagawa-gtk",
        "type": "path"
      }
    },
    "kanagawa-gtk_2": {
      "flake": false,
      "locked": {
        "lastModified": 1688426096,
        "narHash": "sha256-BZRmjVas8q6zsYbXFk4bCk5Ec/3liy9PQ8fqFGHAXe0=",
        "owner": "Fausto-Korpsvart",
        "repo": "Kanagawa-GKT-Theme",
        "rev": "35936a1e3bbd329339991b29725fc1f67f192c1e",
        "type": "github"
      },
      "original": {
        "owner": "Fausto-Korpsvart",
        "repo": "Kanagawa-GKT-Theme",
        "type": "github"
      }
    },
    "libpng": {
      "flake": false,
      "locked": {
        "lastModified": 1549245649,
        "narHash": "sha256-1+cRp0Ungme/OGfc9kGJbklYIWAFxk8Il1M+NV4KSgw=",
        "owner": "glennrp",
        "repo": "libpng",
        "rev": "8439534daa1d3a5705ba92e653eda9251246dd61",
        "type": "github"
      },
      "original": {
        "owner": "glennrp",
        "repo": "libpng",
        "rev": "8439534daa1d3a5705ba92e653eda9251246dd61",
        "type": "github"
      }
    },
    "neovim-flake": {
      "inputs": {
        "flake-utils": "flake-utils_7",
        "nixpkgs": [
          "neovim-nightly-overlay",
          "nixpkgs"
        ]
      },
      "locked": {
        "dir": "contrib",
        "lastModified": 1710534764,
        "narHash": "sha256-SIyMG29FKoLD0U/W4Q0AdsCcHm4Li4lSdyaBDGEdv+c=",
        "owner": "neovim",
        "repo": "neovim",
        "rev": "102a72a21e2b5177516d2d3c44bd464e9b363bb9",
        "type": "github"
      },
      "original": {
        "dir": "contrib",
        "owner": "neovim",
        "repo": "neovim",
        "type": "github"
      }
    },
    "neovim-nightly-overlay": {
      "inputs": {
        "flake-compat": "flake-compat",
        "flake-parts": "flake-parts",
        "hercules-ci-effects": "hercules-ci-effects",
        "neovim-flake": "neovim-flake",
        "nixpkgs": "nixpkgs_2"
      },
      "locked": {
        "lastModified": 1710547418,
        "narHash": "sha256-YTXUNA5alKTAFQ1HV8V9ptbyiHLnbQE3Aqo8txEQLGk=",
        "owner": "nix-community",
        "repo": "neovim-nightly-overlay",
        "rev": "bba6e6ec0b22e63e34a80bb10ec6df9b23ecbbbb",
        "type": "github"
      },
      "original": {
        "owner": "nix-community",
        "repo": "neovim-nightly-overlay",
        "type": "github"
      }
    },
    "nixgl": {
      "inputs": {
        "flake-utils": "flake-utils_8",
        "nixpkgs": "nixpkgs_3"
      },
      "locked": {
        "lastModified": 1685908677,
        "narHash": "sha256-E4zUPEUFyVWjVm45zICaHRpfGepfkE9Z2OECV9HXfA4=",
        "owner": "guibou",
        "repo": "nixGL",
        "rev": "489d6b095ab9d289fe11af0219a9ff00fe87c7c5",
        "type": "github"
      },
      "original": {
        "owner": "guibou",
        "repo": "nixGL",
        "type": "github"
      }
    },
    "nixpkgs": {
      "locked": {
        "lastModified": 1710451336,
        "narHash": "sha256-pP86Pcfu3BrAvRO7R64x7hs+GaQrjFes+mEPowCfkxY=",
        "owner": "NixOS",
        "repo": "nixpkgs",
        "rev": "d691274a972b3165335d261cc4671335f5c67de9",
        "type": "github"
      },
      "original": {
        "owner": "NixOS",
        "ref": "nixos-unstable",
        "repo": "nixpkgs",
        "type": "github"
      }
    },
    "nixpkgs-stable": {
      "locked": {
        "lastModified": 1710420202,
        "narHash": "sha256-MvFKESbq4rUWuaf2RKPNYENaSZEw/jaCLo2gU6oREcM=",
        "owner": "NixOS",
        "repo": "nixpkgs",
        "rev": "878ef7d9721bee9f81f8a80819f9211ad1f993da",
        "type": "github"
      },
      "original": {
        "owner": "NixOS",
        "ref": "nixos-23.11",
        "repo": "nixpkgs",
        "type": "github"
      }
    },
    "nixpkgs_2": {
      "locked": {
        "lastModified": 1710503106,
        "narHash": "sha256-WQenjcuNH9cnEYqh/PFxpmjK9PQnEPGt1Z7TCfYBhXs=",
        "owner": "NixOS",
        "repo": "nixpkgs",
        "rev": "b1d47989352fcb722a1f19295a9461ed1ef8435a",
        "type": "github"
      },
      "original": {
        "owner": "NixOS",
        "ref": "nixpkgs-unstable",
        "repo": "nixpkgs",
        "type": "github"
      }
    },
    "nixpkgs_3": {
      "locked": {
        "lastModified": 1660551188,
        "narHash": "sha256-a1LARMMYQ8DPx1BgoI/UN4bXe12hhZkCNqdxNi6uS0g=",
        "owner": "nixos",
        "repo": "nixpkgs",
        "rev": "441dc5d512153039f19ef198e662e4f3dbb9fd65",
        "type": "github"
      },
      "original": {
        "owner": "nixos",
        "repo": "nixpkgs",
        "type": "github"
      }
    },
    "nixpkgs_4": {
      "locked": {
        "lastModified": 1710534455,
        "narHash": "sha256-huQT4Xs0y4EeFKn2BTBVYgEwJSv8SDlm82uWgMnCMmI=",
        "owner": "nixos",
        "repo": "nixpkgs",
        "rev": "9af9c1c87ed3e3ed271934cb896e0cdd33dae212",
        "type": "github"
      },
      "original": {
        "owner": "nixos",
        "ref": "nixpkgs-unstable",
        "repo": "nixpkgs",
        "type": "github"
      }
    },
    "root": {
      "inputs": {
        "Fmt": "Fmt",
        "agenix": "agenix",
        "bob": "bob",
        "emacs-overlay": "emacs-overlay",
        "flake-utils": "flake-utils_5",
        "home-manager": "home-manager_2",
        "kanagawa-gtk": "kanagawa-gtk",
        "neovim-nightly-overlay": "neovim-nightly-overlay",
        "nixgl": "nixgl",
        "nixpkgs": "nixpkgs_4",
        "waybar": "waybar",
        "wezterm": "wezterm"
      }
    },
    "rust-overlay": {
      "inputs": {
        "flake-utils": [
          "agenix",
          "flake-utils"
        ],
        "nixpkgs": [
          "agenix",
          "nixpkgs"
        ]
      },
      "locked": {
        "lastModified": 1708740535,
        "narHash": "sha256-NCTw235XwSDbeTAtAwg/hOeNOgwYhVq7JjDdbkOgBeA=",
        "owner": "oxalica",
        "repo": "rust-overlay",
        "rev": "9b24383d77f598716fa0cbb8b48c97249f5ee1af",
        "type": "github"
      },
      "original": {
        "owner": "oxalica",
        "repo": "rust-overlay",
        "type": "github"
      }
    },
    "rust-overlay_2": {
      "inputs": {
        "flake-utils": [
          "wezterm",
          "flake-utils"
        ],
        "nixpkgs": [
          "wezterm",
          "nixpkgs"
        ]
      },
      "locked": {
        "lastModified": 1705457855,
        "narHash": "sha256-5cCHQtP/PEHK1YNTQyZN9v8ehpLTjc723ZSKAP3Tva8=",
        "owner": "oxalica",
        "repo": "rust-overlay",
        "rev": "a854609265af0e9f48c92e497679edf8fab9e690",
        "type": "github"
      },
      "original": {
        "owner": "oxalica",
        "repo": "rust-overlay",
        "type": "github"
      }
    },
    "systems": {
      "locked": {
        "lastModified": 1681028828,
        "narHash": "sha256-Vy1rq5AaRuLzOxct8nz4T6wlgyUR7zLU309k9mBC768=",
        "owner": "nix-systems",
        "repo": "default",
        "rev": "da67096a3b9bf56a91d16901293e51ba5b49a27e",
        "type": "github"
      },
      "original": {
        "owner": "nix-systems",
        "repo": "default",
        "type": "github"
      }
    },
    "systems_2": {
      "locked": {
        "lastModified": 1681028828,
        "narHash": "sha256-Vy1rq5AaRuLzOxct8nz4T6wlgyUR7zLU309k9mBC768=",
        "owner": "nix-systems",
        "repo": "default",
        "rev": "da67096a3b9bf56a91d16901293e51ba5b49a27e",
        "type": "github"
      },
      "original": {
        "owner": "nix-systems",
        "repo": "default",
        "type": "github"
      }
    },
    "systems_3": {
      "locked": {
        "lastModified": 1681028828,
        "narHash": "sha256-Vy1rq5AaRuLzOxct8nz4T6wlgyUR7zLU309k9mBC768=",
        "owner": "nix-systems",
        "repo": "default",
        "rev": "da67096a3b9bf56a91d16901293e51ba5b49a27e",
        "type": "github"
      },
      "original": {
        "owner": "nix-systems",
        "repo": "default",
        "type": "github"
      }
    },
    "systems_4": {
      "locked": {
        "lastModified": 1681028828,
        "narHash": "sha256-Vy1rq5AaRuLzOxct8nz4T6wlgyUR7zLU309k9mBC768=",
        "owner": "nix-systems",
        "repo": "default",
        "rev": "da67096a3b9bf56a91d16901293e51ba5b49a27e",
        "type": "github"
      },
      "original": {
        "owner": "nix-systems",
        "repo": "default",
        "type": "github"
      }
    },
    "systems_5": {
      "locked": {
        "lastModified": 1681028828,
        "narHash": "sha256-Vy1rq5AaRuLzOxct8nz4T6wlgyUR7zLU309k9mBC768=",
        "owner": "nix-systems",
        "repo": "default",
        "rev": "da67096a3b9bf56a91d16901293e51ba5b49a27e",
        "type": "github"
      },
      "original": {
        "owner": "nix-systems",
        "repo": "default",
        "type": "github"
      }
    },
    "systems_6": {
      "locked": {
        "lastModified": 1681028828,
        "narHash": "sha256-Vy1rq5AaRuLzOxct8nz4T6wlgyUR7zLU309k9mBC768=",
        "owner": "nix-systems",
        "repo": "default",
        "rev": "da67096a3b9bf56a91d16901293e51ba5b49a27e",
        "type": "github"
      },
      "original": {
        "owner": "nix-systems",
        "repo": "default",
        "type": "github"
      }
    },
    "systems_7": {
      "locked": {
        "lastModified": 1681028828,
        "narHash": "sha256-Vy1rq5AaRuLzOxct8nz4T6wlgyUR7zLU309k9mBC768=",
        "owner": "nix-systems",
        "repo": "default",
        "rev": "da67096a3b9bf56a91d16901293e51ba5b49a27e",
        "type": "github"
      },
      "original": {
        "owner": "nix-systems",
        "repo": "default",
        "type": "github"
      }
    },
    "systems_8": {
      "locked": {
        "lastModified": 1681028828,
        "narHash": "sha256-Vy1rq5AaRuLzOxct8nz4T6wlgyUR7zLU309k9mBC768=",
        "owner": "nix-systems",
        "repo": "default",
        "rev": "da67096a3b9bf56a91d16901293e51ba5b49a27e",
        "type": "github"
      },
      "original": {
        "owner": "nix-systems",
        "repo": "default",
        "type": "github"
      }
    },
    "systems_9": {
      "locked": {
        "lastModified": 1681028828,
        "narHash": "sha256-Vy1rq5AaRuLzOxct8nz4T6wlgyUR7zLU309k9mBC768=",
        "owner": "nix-systems",
        "repo": "default",
        "rev": "da67096a3b9bf56a91d16901293e51ba5b49a27e",
        "type": "github"
      },
      "original": {
        "owner": "nix-systems",
        "repo": "default",
        "type": "github"
      }
    },
    "waybar": {
      "inputs": {
        "flake-compat": "flake-compat_2",
        "nixpkgs": [
          "nixpkgs"
        ]
      },
      "locked": {
        "lastModified": 1710593646,
        "narHash": "sha256-0JhJM8dPPLLhVDNsE4d2U0Pjj/TT9X1f0FjjCmcednA=",
        "owner": "Alexays",
        "repo": "Waybar",
        "rev": "376b4d1c09c25d7e3d75f5d2be288367de4f91c3",
        "type": "github"
      },
      "original": {
        "owner": "Alexays",
        "repo": "Waybar",
        "type": "github"
      }
    },
    "wezterm": {
      "inputs": {
        "flake-utils": "flake-utils_9",
        "freetype2": "freetype2",
        "harfbuzz": "harfbuzz",
        "libpng": "libpng",
        "nixpkgs": [
          "nixpkgs"
        ],
        "rust-overlay": "rust-overlay_2",
        "zlib": "zlib"
      },
      "locked": {
        "dir": "nix",
        "lastModified": 1710600158,
        "narHash": "sha256-XjNzpcgqKuz6It6wBPJYtbieFglN4KqEKB306Qvpue0=",
        "owner": "wez",
        "repo": "wezterm",
        "rev": "889f8a9cd71a2b3552f28f6d1864aa3cd9461fdf",
        "type": "github"
      },
      "original": {
        "dir": "nix",
        "owner": "wez",
        "repo": "wezterm",
        "type": "github"
      }
    },
    "zlib": {
      "flake": false,
      "locked": {
        "lastModified": 1484501380,
        "narHash": "sha256-j5b6aki1ztrzfCqu8y729sPar8GpyQWIrajdzpJC+ww=",
        "owner": "madler",
        "repo": "zlib",
        "rev": "cacf7f1d4e3d44d871b605da3b647f07d718623f",
        "type": "github"
      },
      "original": {
        "owner": "madler",
        "repo": "zlib",
        "rev": "cacf7f1d4e3d44d871b605da3b647f07d718623f",
        "type": "github"
      }
    }
  },
  "root": "root",
  "version": 7
}
